
Microsoft Visual Studio Solution File, Format Version 12.00
# Visual Studio Version 17
VisualStudioVersion = 17.5.33627.172
MinimumVisualStudioVersion = 10.0.40219.1
Project("{FAE04EC0-301F-11D3-BF4B-00C04F79EFBC}") = "DesalocacaoPorEscopo2", "DesalocacaoPorEscopo2.csproj", "{01362BEE-9D85-4BFC-AFC6-59FA4900F9BB}"
EndProject
Global
	GlobalSection(SolutionConfigurationPlatforms) = preSolution
		Debug|Any CPU = Debug|Any CPU
		Release|Any CPU = Release|Any CPU
	EndGlobalSection
	GlobalSection(ProjectConfigurationPlatforms) = postSolution
		{01362BEE-9D85-4BFC-AFC6-59FA4900F9BB}.Debug|Any CPU.ActiveCfg = Debug|Any CPU
		{01362BEE-9D85-4BFC-AFC6-59FA4900F9BB}.Debug|Any CPU.Build.0 = Debug|Any CPU
		{01362BEE-9D85-4BFC-AFC6-59FA4900F9BB}.Release|Any CPU.ActiveCfg = Release|Any CPU
		{01362BEE-9D85-4BFC-AFC6-59FA4900F9BB}.Release|Any CPU.Build.0 = Release|Any CPU
	EndGlobalSection
	GlobalSection(SolutionProperties) = preSolution
		HideSolutionNode = FALSE
	EndGlobalSection
	GlobalSection(ExtensibilityGlobals) = postSolution
		SolutionGuid = {70096A8C-5ACB-430E-ACB2-95000CDA76EB}
	EndGlobalSection
EndGlobal
